
Microsoft Visual Studio Solution File, Format Version 12.00
# Visual Studio Version 16
VisualStudioVersion = 16.0.31515.178
MinimumVisualStudioVersion = 10.0.40219.1
Project("{9A19103F-16F7-4668-BE54-9A1E7A4F7556}") = "RB_LabelsMaker", "RB_LabelsMaker.csproj", "{00F86D59-F12D-433A-99B2-5AA00054E546}"
EndProject
Global
	GlobalSection(SolutionConfigurationPlatforms) = preSolution
		Debug|Any CPU = Debug|Any CPU
		Release|Any CPU = Release|Any CPU
	EndGlobalSection
	GlobalSection(ProjectConfigurationPlatforms) = postSolution
		{00F86D59-F12D-433A-99B2-5AA00054E546}.Debug|Any CPU.ActiveCfg = Debug|Any CPU
		{00F86D59-F12D-433A-99B2-5AA00054E546}.Debug|Any CPU.Build.0 = Debug|Any CPU
		{00F86D59-F12D-433A-99B2-5AA00054E546}.Release|Any CPU.ActiveCfg = Release|Any CPU
		{00F86D59-F12D-433A-99B2-5AA00054E546}.Release|Any CPU.Build.0 = Release|Any CPU
	EndGlobalSection
	GlobalSection(SolutionProperties) = preSolution
		HideSolutionNode = FALSE
	EndGlobalSection
	GlobalSection(ExtensibilityGlobals) = postSolution
		SolutionGuid = {3A9C3065-42FD-49EA-B40B-BC6F7E9EB84F}
	EndGlobalSection
EndGlobal
